Performance Scalability Database Multi-threading Work hard in silence, let your success be your noise. CI/CD Distributed Systems Cloud Event-driven Architecture Load Balancing Zero Downtime Deployment IoT Optimization Parallel Processing
Innovation distinguishes between a leader and a follower. Predictive Analytics Logging Lambda Functions If you can dream it, you can do it.
NLP Message Queue Security Kafka Database Indexing Cloud Kubernetes JavaScript JWT Content Delivery Network Optimization I find that the harder I work, the more luck I seem to have. Blockchain Database Neural Networks
Edge Computing Parallel Processing Blockchain Performance Quantum Computing Optimization
